
Microsoft Visual Studio Solution File, Format Version 12.00
# Visual Studio Version 16
VisualStudioVersion = 16.0.30114.105
MinimumVisualStudioVersion = 10.0.40219.1
Project("{FAE04EC0-301F-11D3-BF4B-00C04F79EFBC}") = "LBTTCalculator", "src\LBTTCalculator.csproj", "{44043FFE-3A37-42A4-A13D-C28717DD31FC}"
EndProject
Project("{FAE04EC0-301F-11D3-BF4B-00C04F79EFBC}") = "LBTTCalculator.Tests", "test\LBTTCalculator.Tests.csproj", "{57898392-7A5A-45DD-831D-A31287C9FA9F}"
EndProject
Global
	GlobalSection(SolutionConfigurationPlatforms) = preSolution
		Debug|Any CPU = Debug|Any CPU
		Debug|x64 = Debug|x64
		Debug|x86 = Debug|x86
		Release|Any CPU = Release|Any CPU
		Release|x64 = Release|x64
		Release|x86 = Release|x86
	EndGlobalSection
	GlobalSection(SolutionProperties) = preSolution
		HideSolutionNode = FALSE
	EndGlobalSection
	GlobalSection(ProjectConfigurationPlatforms) = postSolution
		{44043FFE-3A37-42A4-A13D-C28717DD31FC}.Debug|Any CPU.ActiveCfg = Debug|Any CPU
		{44043FFE-3A37-42A4-A13D-C28717DD31FC}.Debug|Any CPU.Build.0 = Debug|Any CPU
		{44043FFE-3A37-42A4-A13D-C28717DD31FC}.Debug|x64.ActiveCfg = Debug|Any CPU
		{44043FFE-3A37-42A4-A13D-C28717DD31FC}.Debug|x64.Build.0 = Debug|Any CPU
		{44043FFE-3A37-42A4-A13D-C28717DD31FC}.Debug|x86.ActiveCfg = Debug|Any CPU
		{44043FFE-3A37-42A4-A13D-C28717DD31FC}.Debug|x86.Build.0 = Debug|Any CPU
		{44043FFE-3A37-42A4-A13D-C28717DD31FC}.Release|Any CPU.ActiveCfg = Release|Any CPU
		{44043FFE-3A37-42A4-A13D-C28717DD31FC}.Release|Any CPU.Build.0 = Release|Any CPU
		{44043FFE-3A37-42A4-A13D-C28717DD31FC}.Release|x64.ActiveCfg = Release|Any CPU
		{44043FFE-3A37-42A4-A13D-C28717DD31FC}.Release|x64.Build.0 = Release|Any CPU
		{44043FFE-3A37-42A4-A13D-C28717DD31FC}.Release|x86.ActiveCfg = Release|Any CPU
		{44043FFE-3A37-42A4-A13D-C28717DD31FC}.Release|x86.Build.0 = Release|Any CPU
		{57898392-7A5A-45DD-831D-A31287C9FA9F}.Debug|Any CPU.ActiveCfg = Debug|Any CPU
		{57898392-7A5A-45DD-831D-A31287C9FA9F}.Debug|Any CPU.Build.0 = Debug|Any CPU
		{57898392-7A5A-45DD-831D-A31287C9FA9F}.Debug|x64.ActiveCfg = Debug|Any CPU
		{57898392-7A5A-45DD-831D-A31287C9FA9F}.Debug|x64.Build.0 = Debug|Any CPU
		{57898392-7A5A-45DD-831D-A31287C9FA9F}.Debug|x86.ActiveCfg = Debug|Any CPU
		{57898392-7A5A-45DD-831D-A31287C9FA9F}.Debug|x86.Build.0 = Debug|Any CPU
		{57898392-7A5A-45DD-831D-A31287C9FA9F}.Release|Any CPU.ActiveCfg = Release|Any CPU
		{57898392-7A5A-45DD-831D-A31287C9FA9F}.Release|Any CPU.Build.0 = Release|Any CPU
		{57898392-7A5A-45DD-831D-A31287C9FA9F}.Release|x64.ActiveCfg = Release|Any CPU
		{57898392-7A5A-45DD-831D-A31287C9FA9F}.Release|x64.Build.0 = Release|Any CPU
		{57898392-7A5A-45DD-831D-A31287C9FA9F}.Release|x86.ActiveCfg = Release|Any CPU
		{57898392-7A5A-45DD-831D-A31287C9FA9F}.Release|x86.Build.0 = Release|Any CPU
	EndGlobalSection
EndGlobal
